
Microsoft Visual Studio Solution File, Format Version 12.00
# Visual Studio 14
VisualStudioVersion = 14.0.25029.0
MinimumVisualStudioVersion = 10.0.40219.1
Project("{FAE04EC0-301F-11D3-BF4B-00C04F79EFBC}") = "Booma.Client.ServerSelection.Authentication", "src\Booma.Client.ServerSelection.Authentication\Booma.Client.ServerSelection.Authentication.csproj", "{B4C9837E-5A51-4913-A2C5-EB6E97456A36}"
EndProject
Global
	GlobalSection(SolutionConfigurationPlatforms) = preSolution
		Debug|Any CPU = Debug|Any CPU
		Release|Any CPU = Release|Any CPU
	EndGlobalSection
	GlobalSection(ProjectConfigurationPlatforms) = postSolution
		{B4C9837E-5A51-4913-A2C5-EB6E97456A36}.Debug|Any CPU.ActiveCfg = Debug|Any CPU
		{B4C9837E-5A51-4913-A2C5-EB6E97456A36}.Debug|Any CPU.Build.0 = Debug|Any CPU
		{B4C9837E-5A51-4913-A2C5-EB6E97456A36}.Release|Any CPU.ActiveCfg = Release|Any CPU
		{B4C9837E-5A51-4913-A2C5-EB6E97456A36}.Release|Any CPU.Build.0 = Release|Any CPU
	EndGlobalSection
	GlobalSection(SolutionProperties) = preSolution
		HideSolutionNode = FALSE
	EndGlobalSection
EndGlobal
