
Microsoft Visual Studio Solution File, Format Version 12.00
# Visual Studio 15
VisualStudioVersion = 15.0.26403.7
MinimumVisualStudioVersion = 10.0.40219.1
Project("{2150E333-8FDC-42A3-9474-1A3956D46DE8}") = "src", "src", "{82223BC2-FD46-45B7-8714-A1BBB6FACC0E}"
EndProject
Project("{2150E333-8FDC-42A3-9474-1A3956D46DE8}") = "tests", "tests", "{FCFAE99C-C28A-44B7-A7BE-F9D5481C35B9}"
EndProject
Project("{FAE04EC0-301F-11D3-BF4B-00C04F79EFBC}") = "Booma.Stats.Common", "src\Booma.Stats.Common\Booma.Stats.Common.csproj", "{B9838908-0A73-4A49-BDA7-D7088BDED89E}"
EndProject
Project("{FAE04EC0-301F-11D3-BF4B-00C04F79EFBC}") = "Booma.Entity.Identity", "src\Booma.Entity.Identity\Booma.Entity.Identity.csproj", "{11E0AEA4-66B0-44AB-A909-8D58E862DEE1}"
EndProject
Project("{FAE04EC0-301F-11D3-BF4B-00C04F79EFBC}") = "Booma.Entity.Prefab", "src\Booma.Entity.Prefab\Booma.Entity.Prefab.csproj", "{853A6D54-67F9-4128-8A28-C4E91C87AC18}"
EndProject
Project("{FAE04EC0-301F-11D3-BF4B-00C04F79EFBC}") = "Booma.Entity.Server", "src\Booma.Entity.Server\Booma.Entity.Server.csproj", "{7824B076-70C3-4E78-9F65-95948F7C9B6E}"
EndProject
Project("{FAE04EC0-301F-11D3-BF4B-00C04F79EFBC}") = "Booma.Combat.Formula.Server", "src\Booma.Combat.Formula.Server\Booma.Combat.Formula.Server.csproj", "{06B2C6C2-32B7-46D0-BAFD-FFD6F0516CC8}"
EndProject
Project("{2150E333-8FDC-42A3-9474-1A3956D46DE8}") = "Entity", "Entity", "{93AFA0C0-42B1-4903-9C13-4DBE35BA2CD3}"
EndProject
Project("{2150E333-8FDC-42A3-9474-1A3956D46DE8}") = "Payloads", "Payloads", "{A1B00673-EBC3-418C-BD04-E1D90E26D2FD}"
EndProject
Project("{FAE04EC0-301F-11D3-BF4B-00C04F79EFBC}") = "Booma.Payloads.Common", "src\Booma.Payloads.Common\Booma.Payloads.Common.csproj", "{B2776C82-E686-45A6-BD73-B5913F3E69D3}"
EndProject
Project("{FAE04EC0-301F-11D3-BF4B-00C04F79EFBC}") = "Booma.Payloads.Instance", "src\Booma.Payloads.Instance\Booma.Payloads.Instance.csproj", "{04423310-B1DD-4883-8634-6B2B00534EDD}"
EndProject
Project("{FAE04EC0-301F-11D3-BF4B-00C04F79EFBC}") = "Booma.Payloads.ServerSelection", "src\Booma.Payloads.ServerSelection\Booma.Payloads.ServerSelection.csproj", "{106826BE-F16E-43B8-A1C6-DC0208D9299D}"
EndProject
Project("{FAE04EC0-301F-11D3-BF4B-00C04F79EFBC}") = "Booma.Payloads.Surrogates.Unity", "src\Booma.Payloads.Surrogates.Unity\Booma.Payloads.Surrogates.Unity.csproj", "{1FEFEA38-2586-4CE1-8662-4C12FD3C6E62}"
EndProject
Project("{2150E333-8FDC-42A3-9474-1A3956D46DE8}") = "Instance", "Instance", "{93DCCAD6-48AC-4357-B860-94DF86797124}"
EndProject
Project("{2150E333-8FDC-42A3-9474-1A3956D46DE8}") = "ServerSelection", "ServerSelection", "{A650AC59-09CB-409A-9439-95746FDC6018}"
EndProject
Project("{FAE04EC0-301F-11D3-BF4B-00C04F79EFBC}") = "Booma.ServerSelection.Common", "src\Booma.ServerSelection.Common\Booma.ServerSelection.Common.csproj", "{4173E5CD-9FE7-4CAB-80C0-80473F651A89}"
EndProject
Project("{2150E333-8FDC-42A3-9474-1A3956D46DE8}") = "Unity", "Unity", "{C04F6721-E028-4680-A4B2-B3A98B89BB1F}"
EndProject
Project("{FAE04EC0-301F-11D3-BF4B-00C04F79EFBC}") = "Booma.Unity.Logging.Common", "src\Booma.Unity.Logging.Common\Booma.Unity.Logging.Common.csproj", "{7FBB4458-83C9-4F3D-AF69-934550240E9C}"
EndProject
Project("{FAE04EC0-301F-11D3-BF4B-00C04F79EFBC}") = "Booma.Unity.IoCModules.Common", "src\Booma.Unity.IoCModules.Common\Booma.Unity.IoCModules.Common.csproj", "{0DF9A08A-9810-4FB8-AD4B-44256ACFC76B}"
EndProject
Project("{FAE04EC0-301F-11D3-BF4B-00C04F79EFBC}") = "Booma.Combat.Formula.Server.Tests", "test\Booma.Combat.Formula.Server.Tests\Booma.Combat.Formula.Server.Tests.csproj", "{12808BDA-5C6E-40AA-8A65-7345AAC5E67E}"
EndProject
Project("{FAE04EC0-301F-11D3-BF4B-00C04F79EFBC}") = "Booma.Entity.Tests", "test\Booma.Entity.Tests\Booma.Entity.Tests.csproj", "{09B6AAD4-37B6-4FC1-85FF-68A7230E41C8}"
EndProject
Project("{FAE04EC0-301F-11D3-BF4B-00C04F79EFBC}") = "Booma.Payloads.Tests", "test\Booma.Payloads.Tests\Booma.Payloads.Tests.csproj", "{60F48CAE-7EF8-44CB-B037-DCE68B761265}"
EndProject
Project("{FAE04EC0-301F-11D3-BF4B-00C04F79EFBC}") = "Booma.Stats.Common.Tests", "test\Booma.Stats.Common.Tests\Booma.Stats.Common.Tests.csproj", "{F8CC3608-3CCE-4202-9398-6FCC37D77E7E}"
EndProject
Project("{FAE04EC0-301F-11D3-BF4B-00C04F79EFBC}") = "Booma.Unity.Network.Client", "src\Booma.Unity.Network.Client\Booma.Unity.Network.Client.csproj", "{680D46C2-6557-4269-BE18-C041FAE0BAEA}"
EndProject
Project("{FAE04EC0-301F-11D3-BF4B-00C04F79EFBC}") = "Booma.Unity.Network.IoCModules.Client", "src\Booma.Unity.Network.IoCModules.Client\Booma.Unity.Network.IoCModules.Client.csproj", "{EB8B8B2E-DB4F-4C21-BC95-BB8BB21B621E}"
EndProject
Project("{FAE04EC0-301F-11D3-BF4B-00C04F79EFBC}") = "Booma.Unity.Network.Server", "src\Booma.Unity.Network.Server\Booma.Unity.Network.Server.csproj", "{F0D54151-C076-43EE-B45A-3C714C79A720}"
EndProject
Project("{FAE04EC0-301F-11D3-BF4B-00C04F79EFBC}") = "Booma.Unity.Network.IoCModules.Server", "src\Booma.Unity.Network.IoCModules.Server\Booma.Unity.Network.IoCModules.Server.csproj", "{78701185-6AC3-490C-BCCE-EEF8725A792C}"
EndProject
Project("{FAE04EC0-301F-11D3-BF4B-00C04F79EFBC}") = "Booma.Unity.Network.IoCModules.Common", "src\Booma.Unity.Network.IoCModules.Common\Booma.Unity.Network.IoCModules.Common.csproj", "{9B97CD14-C357-45F2-A620-CE4D9514011C}"
EndProject
Global
	GlobalSection(SolutionConfigurationPlatforms) = preSolution
		Debug|Any CPU = Debug|Any CPU
		Release|Any CPU = Release|Any CPU
	EndGlobalSection
	GlobalSection(ProjectConfigurationPlatforms) = postSolution
		{B9838908-0A73-4A49-BDA7-D7088BDED89E}.Debug|Any CPU.ActiveCfg = Debug|Any CPU
		{B9838908-0A73-4A49-BDA7-D7088BDED89E}.Debug|Any CPU.Build.0 = Debug|Any CPU
		{B9838908-0A73-4A49-BDA7-D7088BDED89E}.Release|Any CPU.ActiveCfg = Release|Any CPU
		{B9838908-0A73-4A49-BDA7-D7088BDED89E}.Release|Any CPU.Build.0 = Release|Any CPU
		{11E0AEA4-66B0-44AB-A909-8D58E862DEE1}.Debug|Any CPU.ActiveCfg = Debug|Any CPU
		{11E0AEA4-66B0-44AB-A909-8D58E862DEE1}.Debug|Any CPU.Build.0 = Debug|Any CPU
		{11E0AEA4-66B0-44AB-A909-8D58E862DEE1}.Release|Any CPU.ActiveCfg = Release|Any CPU
		{11E0AEA4-66B0-44AB-A909-8D58E862DEE1}.Release|Any CPU.Build.0 = Release|Any CPU
		{853A6D54-67F9-4128-8A28-C4E91C87AC18}.Debug|Any CPU.ActiveCfg = Debug|Any CPU
		{853A6D54-67F9-4128-8A28-C4E91C87AC18}.Debug|Any CPU.Build.0 = Debug|Any CPU
		{853A6D54-67F9-4128-8A28-C4E91C87AC18}.Release|Any CPU.ActiveCfg = Release|Any CPU
		{853A6D54-67F9-4128-8A28-C4E91C87AC18}.Release|Any CPU.Build.0 = Release|Any CPU
		{7824B076-70C3-4E78-9F65-95948F7C9B6E}.Debug|Any CPU.ActiveCfg = Debug|Any CPU
		{7824B076-70C3-4E78-9F65-95948F7C9B6E}.Debug|Any CPU.Build.0 = Debug|Any CPU
		{7824B076-70C3-4E78-9F65-95948F7C9B6E}.Release|Any CPU.ActiveCfg = Release|Any CPU
		{7824B076-70C3-4E78-9F65-95948F7C9B6E}.Release|Any CPU.Build.0 = Release|Any CPU
		{06B2C6C2-32B7-46D0-BAFD-FFD6F0516CC8}.Debug|Any CPU.ActiveCfg = Debug|Any CPU
		{06B2C6C2-32B7-46D0-BAFD-FFD6F0516CC8}.Debug|Any CPU.Build.0 = Debug|Any CPU
		{06B2C6C2-32B7-46D0-BAFD-FFD6F0516CC8}.Release|Any CPU.ActiveCfg = Release|Any CPU
		{06B2C6C2-32B7-46D0-BAFD-FFD6F0516CC8}.Release|Any CPU.Build.0 = Release|Any CPU
		{B2776C82-E686-45A6-BD73-B5913F3E69D3}.Debug|Any CPU.ActiveCfg = Debug|Any CPU
		{B2776C82-E686-45A6-BD73-B5913F3E69D3}.Debug|Any CPU.Build.0 = Debug|Any CPU
		{B2776C82-E686-45A6-BD73-B5913F3E69D3}.Release|Any CPU.ActiveCfg = Release|Any CPU
		{B2776C82-E686-45A6-BD73-B5913F3E69D3}.Release|Any CPU.Build.0 = Release|Any CPU
		{04423310-B1DD-4883-8634-6B2B00534EDD}.Debug|Any CPU.ActiveCfg = Debug|Any CPU
		{04423310-B1DD-4883-8634-6B2B00534EDD}.Debug|Any CPU.Build.0 = Debug|Any CPU
		{04423310-B1DD-4883-8634-6B2B00534EDD}.Release|Any CPU.ActiveCfg = Release|Any CPU
		{04423310-B1DD-4883-8634-6B2B00534EDD}.Release|Any CPU.Build.0 = Release|Any CPU
		{106826BE-F16E-43B8-A1C6-DC0208D9299D}.Debug|Any CPU.ActiveCfg = Debug|Any CPU
		{106826BE-F16E-43B8-A1C6-DC0208D9299D}.Debug|Any CPU.Build.0 = Debug|Any CPU
		{106826BE-F16E-43B8-A1C6-DC0208D9299D}.Release|Any CPU.ActiveCfg = Release|Any CPU
		{106826BE-F16E-43B8-A1C6-DC0208D9299D}.Release|Any CPU.Build.0 = Release|Any CPU
		{1FEFEA38-2586-4CE1-8662-4C12FD3C6E62}.Debug|Any CPU.ActiveCfg = Debug|Any CPU
		{1FEFEA38-2586-4CE1-8662-4C12FD3C6E62}.Debug|Any CPU.Build.0 = Debug|Any CPU
		{1FEFEA38-2586-4CE1-8662-4C12FD3C6E62}.Release|Any CPU.ActiveCfg = Release|Any CPU
		{1FEFEA38-2586-4CE1-8662-4C12FD3C6E62}.Release|Any CPU.Build.0 = Release|Any CPU
		{4173E5CD-9FE7-4CAB-80C0-80473F651A89}.Debug|Any CPU.ActiveCfg = Debug|Any CPU
		{4173E5CD-9FE7-4CAB-80C0-80473F651A89}.Debug|Any CPU.Build.0 = Debug|Any CPU
		{4173E5CD-9FE7-4CAB-80C0-80473F651A89}.Release|Any CPU.ActiveCfg = Release|Any CPU
		{4173E5CD-9FE7-4CAB-80C0-80473F651A89}.Release|Any CPU.Build.0 = Release|Any CPU
		{7FBB4458-83C9-4F3D-AF69-934550240E9C}.Debug|Any CPU.ActiveCfg = Debug|Any CPU
		{7FBB4458-83C9-4F3D-AF69-934550240E9C}.Debug|Any CPU.Build.0 = Debug|Any CPU
		{7FBB4458-83C9-4F3D-AF69-934550240E9C}.Release|Any CPU.ActiveCfg = Release|Any CPU
		{7FBB4458-83C9-4F3D-AF69-934550240E9C}.Release|Any CPU.Build.0 = Release|Any CPU
		{0DF9A08A-9810-4FB8-AD4B-44256ACFC76B}.Debug|Any CPU.ActiveCfg = Debug|Any CPU
		{0DF9A08A-9810-4FB8-AD4B-44256ACFC76B}.Debug|Any CPU.Build.0 = Debug|Any CPU
		{0DF9A08A-9810-4FB8-AD4B-44256ACFC76B}.Release|Any CPU.ActiveCfg = Release|Any CPU
		{0DF9A08A-9810-4FB8-AD4B-44256ACFC76B}.Release|Any CPU.Build.0 = Release|Any CPU
		{12808BDA-5C6E-40AA-8A65-7345AAC5E67E}.Debug|Any CPU.ActiveCfg = Debug|Any CPU
		{12808BDA-5C6E-40AA-8A65-7345AAC5E67E}.Debug|Any CPU.Build.0 = Debug|Any CPU
		{12808BDA-5C6E-40AA-8A65-7345AAC5E67E}.Release|Any CPU.ActiveCfg = Release|Any CPU
		{12808BDA-5C6E-40AA-8A65-7345AAC5E67E}.Release|Any CPU.Build.0 = Release|Any CPU
		{09B6AAD4-37B6-4FC1-85FF-68A7230E41C8}.Debug|Any CPU.ActiveCfg = Debug|Any CPU
		{09B6AAD4-37B6-4FC1-85FF-68A7230E41C8}.Debug|Any CPU.Build.0 = Debug|Any CPU
		{09B6AAD4-37B6-4FC1-85FF-68A7230E41C8}.Release|Any CPU.ActiveCfg = Release|Any CPU
		{09B6AAD4-37B6-4FC1-85FF-68A7230E41C8}.Release|Any CPU.Build.0 = Release|Any CPU
		{60F48CAE-7EF8-44CB-B037-DCE68B761265}.Debug|Any CPU.ActiveCfg = Debug|Any CPU
		{60F48CAE-7EF8-44CB-B037-DCE68B761265}.Debug|Any CPU.Build.0 = Debug|Any CPU
		{60F48CAE-7EF8-44CB-B037-DCE68B761265}.Release|Any CPU.ActiveCfg = Release|Any CPU
		{60F48CAE-7EF8-44CB-B037-DCE68B761265}.Release|Any CPU.Build.0 = Release|Any CPU
		{F8CC3608-3CCE-4202-9398-6FCC37D77E7E}.Debug|Any CPU.ActiveCfg = Debug|Any CPU
		{F8CC3608-3CCE-4202-9398-6FCC37D77E7E}.Debug|Any CPU.Build.0 = Debug|Any CPU
		{F8CC3608-3CCE-4202-9398-6FCC37D77E7E}.Release|Any CPU.ActiveCfg = Release|Any CPU
		{F8CC3608-3CCE-4202-9398-6FCC37D77E7E}.Release|Any CPU.Build.0 = Release|Any CPU
		{680D46C2-6557-4269-BE18-C041FAE0BAEA}.Debug|Any CPU.ActiveCfg = Debug|Any CPU
		{680D46C2-6557-4269-BE18-C041FAE0BAEA}.Debug|Any CPU.Build.0 = Debug|Any CPU
		{680D46C2-6557-4269-BE18-C041FAE0BAEA}.Release|Any CPU.ActiveCfg = Release|Any CPU
		{680D46C2-6557-4269-BE18-C041FAE0BAEA}.Release|Any CPU.Build.0 = Release|Any CPU
		{EB8B8B2E-DB4F-4C21-BC95-BB8BB21B621E}.Debug|Any CPU.ActiveCfg = Debug|Any CPU
		{EB8B8B2E-DB4F-4C21-BC95-BB8BB21B621E}.Debug|Any CPU.Build.0 = Debug|Any CPU
		{EB8B8B2E-DB4F-4C21-BC95-BB8BB21B621E}.Release|Any CPU.ActiveCfg = Release|Any CPU
		{EB8B8B2E-DB4F-4C21-BC95-BB8BB21B621E}.Release|Any CPU.Build.0 = Release|Any CPU
		{F0D54151-C076-43EE-B45A-3C714C79A720}.Debug|Any CPU.ActiveCfg = Debug|Any CPU
		{F0D54151-C076-43EE-B45A-3C714C79A720}.Debug|Any CPU.Build.0 = Debug|Any CPU
		{F0D54151-C076-43EE-B45A-3C714C79A720}.Release|Any CPU.ActiveCfg = Release|Any CPU
		{F0D54151-C076-43EE-B45A-3C714C79A720}.Release|Any CPU.Build.0 = Release|Any CPU
		{78701185-6AC3-490C-BCCE-EEF8725A792C}.Debug|Any CPU.ActiveCfg = Debug|Any CPU
		{78701185-6AC3-490C-BCCE-EEF8725A792C}.Debug|Any CPU.Build.0 = Debug|Any CPU
		{78701185-6AC3-490C-BCCE-EEF8725A792C}.Release|Any CPU.ActiveCfg = Release|Any CPU
		{78701185-6AC3-490C-BCCE-EEF8725A792C}.Release|Any CPU.Build.0 = Release|Any CPU
		{9B97CD14-C357-45F2-A620-CE4D9514011C}.Debug|Any CPU.ActiveCfg = Debug|Any CPU
		{9B97CD14-C357-45F2-A620-CE4D9514011C}.Debug|Any CPU.Build.0 = Debug|Any CPU
		{9B97CD14-C357-45F2-A620-CE4D9514011C}.Release|Any CPU.ActiveCfg = Release|Any CPU
		{9B97CD14-C357-45F2-A620-CE4D9514011C}.Release|Any CPU.Build.0 = Release|Any CPU
	EndGlobalSection
	GlobalSection(SolutionProperties) = preSolution
		HideSolutionNode = FALSE
	EndGlobalSection
	GlobalSection(NestedProjects) = preSolution
		{B9838908-0A73-4A49-BDA7-D7088BDED89E} = {82223BC2-FD46-45B7-8714-A1BBB6FACC0E}
		{11E0AEA4-66B0-44AB-A909-8D58E862DEE1} = {93AFA0C0-42B1-4903-9C13-4DBE35BA2CD3}
		{853A6D54-67F9-4128-8A28-C4E91C87AC18} = {93AFA0C0-42B1-4903-9C13-4DBE35BA2CD3}
		{7824B076-70C3-4E78-9F65-95948F7C9B6E} = {93AFA0C0-42B1-4903-9C13-4DBE35BA2CD3}
		{06B2C6C2-32B7-46D0-BAFD-FFD6F0516CC8} = {82223BC2-FD46-45B7-8714-A1BBB6FACC0E}
		{93AFA0C0-42B1-4903-9C13-4DBE35BA2CD3} = {82223BC2-FD46-45B7-8714-A1BBB6FACC0E}
		{A1B00673-EBC3-418C-BD04-E1D90E26D2FD} = {82223BC2-FD46-45B7-8714-A1BBB6FACC0E}
		{B2776C82-E686-45A6-BD73-B5913F3E69D3} = {A1B00673-EBC3-418C-BD04-E1D90E26D2FD}
		{04423310-B1DD-4883-8634-6B2B00534EDD} = {A1B00673-EBC3-418C-BD04-E1D90E26D2FD}
		{106826BE-F16E-43B8-A1C6-DC0208D9299D} = {A1B00673-EBC3-418C-BD04-E1D90E26D2FD}
		{1FEFEA38-2586-4CE1-8662-4C12FD3C6E62} = {A1B00673-EBC3-418C-BD04-E1D90E26D2FD}
		{93DCCAD6-48AC-4357-B860-94DF86797124} = {82223BC2-FD46-45B7-8714-A1BBB6FACC0E}
		{A650AC59-09CB-409A-9439-95746FDC6018} = {82223BC2-FD46-45B7-8714-A1BBB6FACC0E}
		{4173E5CD-9FE7-4CAB-80C0-80473F651A89} = {A650AC59-09CB-409A-9439-95746FDC6018}
		{C04F6721-E028-4680-A4B2-B3A98B89BB1F} = {82223BC2-FD46-45B7-8714-A1BBB6FACC0E}
		{7FBB4458-83C9-4F3D-AF69-934550240E9C} = {C04F6721-E028-4680-A4B2-B3A98B89BB1F}
		{0DF9A08A-9810-4FB8-AD4B-44256ACFC76B} = {C04F6721-E028-4680-A4B2-B3A98B89BB1F}
		{12808BDA-5C6E-40AA-8A65-7345AAC5E67E} = {FCFAE99C-C28A-44B7-A7BE-F9D5481C35B9}
		{09B6AAD4-37B6-4FC1-85FF-68A7230E41C8} = {FCFAE99C-C28A-44B7-A7BE-F9D5481C35B9}
		{60F48CAE-7EF8-44CB-B037-DCE68B761265} = {FCFAE99C-C28A-44B7-A7BE-F9D5481C35B9}
		{F8CC3608-3CCE-4202-9398-6FCC37D77E7E} = {FCFAE99C-C28A-44B7-A7BE-F9D5481C35B9}
		{680D46C2-6557-4269-BE18-C041FAE0BAEA} = {C04F6721-E028-4680-A4B2-B3A98B89BB1F}
		{EB8B8B2E-DB4F-4C21-BC95-BB8BB21B621E} = {C04F6721-E028-4680-A4B2-B3A98B89BB1F}
		{F0D54151-C076-43EE-B45A-3C714C79A720} = {C04F6721-E028-4680-A4B2-B3A98B89BB1F}
		{78701185-6AC3-490C-BCCE-EEF8725A792C} = {C04F6721-E028-4680-A4B2-B3A98B89BB1F}
		{9B97CD14-C357-45F2-A620-CE4D9514011C} = {C04F6721-E028-4680-A4B2-B3A98B89BB1F}
	EndGlobalSection
EndGlobal
