
Microsoft Visual Studio Solution File, Format Version 12.00
# Visual Studio 15
VisualStudioVersion = 15.0.26730.8
MinimumVisualStudioVersion = 10.0.40219.1
Project("{2150E333-8FDC-42A3-9474-1A3956D46DE8}") = "src", "src", "{82223BC2-FD46-45B7-8714-A1BBB6FACC0E}"
EndProject
Project("{2150E333-8FDC-42A3-9474-1A3956D46DE8}") = "tests", "tests", "{FCFAE99C-C28A-44B7-A7BE-F9D5481C35B9}"
EndProject
Project("{FAE04EC0-301F-11D3-BF4B-00C04F79EFBC}") = "Booma.Stats.Common", "src\Booma.Stats.Common\Booma.Stats.Common.csproj", "{B9838908-0A73-4A49-BDA7-D7088BDED89E}"
EndProject
Project("{FAE04EC0-301F-11D3-BF4B-00C04F79EFBC}") = "Booma.Entity.Identity", "src\Booma.Entity.Identity\Booma.Entity.Identity.csproj", "{11E0AEA4-66B0-44AB-A909-8D58E862DEE1}"
EndProject
Project("{FAE04EC0-301F-11D3-BF4B-00C04F79EFBC}") = "Booma.Entity.Prefab", "src\Booma.Entity.Prefab\Booma.Entity.Prefab.csproj", "{853A6D54-67F9-4128-8A28-C4E91C87AC18}"
EndProject
Project("{FAE04EC0-301F-11D3-BF4B-00C04F79EFBC}") = "Booma.Entity.Server", "src\Booma.Entity.Server\Booma.Entity.Server.csproj", "{7824B076-70C3-4E78-9F65-95948F7C9B6E}"
EndProject
Project("{FAE04EC0-301F-11D3-BF4B-00C04F79EFBC}") = "Booma.Combat.Formula.Server", "src\Booma.Combat.Formula.Server\Booma.Combat.Formula.Server.csproj", "{06B2C6C2-32B7-46D0-BAFD-FFD6F0516CC8}"
EndProject
Project("{2150E333-8FDC-42A3-9474-1A3956D46DE8}") = "Entity", "Entity", "{93AFA0C0-42B1-4903-9C13-4DBE35BA2CD3}"
EndProject
Project("{2150E333-8FDC-42A3-9474-1A3956D46DE8}") = "Payloads", "Payloads", "{A1B00673-EBC3-418C-BD04-E1D90E26D2FD}"
EndProject
Project("{FAE04EC0-301F-11D3-BF4B-00C04F79EFBC}") = "Booma.Payloads.Common", "src\Booma.Payloads.Common\Booma.Payloads.Common.csproj", "{B2776C82-E686-45A6-BD73-B5913F3E69D3}"
EndProject
Project("{FAE04EC0-301F-11D3-BF4B-00C04F79EFBC}") = "Booma.Payloads.Instance", "src\Booma.Payloads.Instance\Booma.Payloads.Instance.csproj", "{04423310-B1DD-4883-8634-6B2B00534EDD}"
EndProject
Project("{FAE04EC0-301F-11D3-BF4B-00C04F79EFBC}") = "Booma.Payloads.Surrogates.Unity", "src\Booma.Payloads.Surrogates.Unity\Booma.Payloads.Surrogates.Unity.csproj", "{1FEFEA38-2586-4CE1-8662-4C12FD3C6E62}"
EndProject
Project("{2150E333-8FDC-42A3-9474-1A3956D46DE8}") = "Instance", "Instance", "{93DCCAD6-48AC-4357-B860-94DF86797124}"
EndProject
Project("{2150E333-8FDC-42A3-9474-1A3956D46DE8}") = "Unity", "Unity", "{C04F6721-E028-4680-A4B2-B3A98B89BB1F}"
EndProject
Project("{FAE04EC0-301F-11D3-BF4B-00C04F79EFBC}") = "Booma.Combat.Formula.Server.Tests", "test\Booma.Combat.Formula.Server.Tests\Booma.Combat.Formula.Server.Tests.csproj", "{12808BDA-5C6E-40AA-8A65-7345AAC5E67E}"
EndProject
Project("{FAE04EC0-301F-11D3-BF4B-00C04F79EFBC}") = "Booma.Entity.Tests", "test\Booma.Entity.Tests\Booma.Entity.Tests.csproj", "{09B6AAD4-37B6-4FC1-85FF-68A7230E41C8}"
EndProject
Project("{FAE04EC0-301F-11D3-BF4B-00C04F79EFBC}") = "Booma.Payloads.Tests", "test\Booma.Payloads.Tests\Booma.Payloads.Tests.csproj", "{60F48CAE-7EF8-44CB-B037-DCE68B761265}"
EndProject
Project("{FAE04EC0-301F-11D3-BF4B-00C04F79EFBC}") = "Booma.Stats.Common.Tests", "test\Booma.Stats.Common.Tests\Booma.Stats.Common.Tests.csproj", "{F8CC3608-3CCE-4202-9398-6FCC37D77E7E}"
EndProject
Project("{FAE04EC0-301F-11D3-BF4B-00C04F79EFBC}") = "Booma.Instance.Client", "src\Booma.Instance.Client\Booma.Instance.Client.csproj", "{E058C29B-70EE-4DCA-8065-CDF3DB355175}"
EndProject
Project("{FAE04EC0-301F-11D3-BF4B-00C04F79EFBC}") = "Booma.Instance.Common", "src\Booma.Instance.Common\Booma.Instance.Common.csproj", "{5A959423-5523-4FF5-9667-963BF97F2879}"
EndProject
Project("{FAE04EC0-301F-11D3-BF4B-00C04F79EFBC}") = "Booma.Instance.Server", "src\Booma.Instance.Server\Booma.Instance.Server.csproj", "{538D0F6A-EBFF-42F3-B701-614FAA390E7B}"
EndProject
Project("{FAE04EC0-301F-11D3-BF4B-00C04F79EFBC}") = "Booma.Entity.Character", "src\Booma.Entity.Character\Booma.Entity.Character.csproj", "{33DE9187-B344-4E7B-9400-158B4098842E}"
EndProject
Project("{FAE04EC0-301F-11D3-BF4B-00C04F79EFBC}") = "Booma.Entity.SectionId.Calculator", "src\Booma.Entity.SectionId.Calculator\Booma.Entity.SectionId.Calculator.csproj", "{75689A50-ABCF-46D4-9381-5708CF3D82CF}"
EndProject
Project("{2150E333-8FDC-42A3-9474-1A3956D46DE8}") = "Authentication", "Authentication", "{45D47388-D98C-4A27-82BD-EBE9998EE11A}"
EndProject
Project("{FAE04EC0-301F-11D3-BF4B-00C04F79EFBC}") = "Booma.Authentication.Client", "src\Booma.Authentication.Client\Booma.Authentication.Client.csproj", "{CCB6C383-C54D-4601-925E-9E828D50D67C}"
EndProject
Project("{FAE04EC0-301F-11D3-BF4B-00C04F79EFBC}") = "Unity.Editor.Dependencies", "src\Unity.Editor.Dependencies\Unity.Editor.Dependencies.csproj", "{2DB4082C-2A5D-41CC-8494-0E489D44AC49}"
EndProject
Project("{FAE04EC0-301F-11D3-BF4B-00C04F79EFBC}") = "Booma.Unity.Server", "src\Booma.Unity.Server\Booma.Unity.Server.csproj", "{F0D54151-C076-43EE-B45A-3C714C79A720}"
EndProject
Project("{FAE04EC0-301F-11D3-BF4B-00C04F79EFBC}") = "Booma.Unity.Client", "src\Booma.Unity.Client\Booma.Unity.Client.csproj", "{680D46C2-6557-4269-BE18-C041FAE0BAEA}"
EndProject
Project("{FAE04EC0-301F-11D3-BF4B-00C04F79EFBC}") = "Booma.Unity.Common", "src\Booma.Unity.Common\Booma.Unity.Common.csproj", "{D55C3F65-A9BF-4713-97AF-9F24628E41E1}"
EndProject
Project("{9A19103F-16F7-4668-BE54-9A1E7A4F7556}") = "GaiaOnline.Models.Common", "src\Booma.Models.Common\GaiaOnline.Models.Common.csproj", "{6ADCB49A-4D8C-4705-92FE-48D900643670}"
EndProject
Project("{9A19103F-16F7-4668-BE54-9A1E7A4F7556}") = "Booma.Models.GameServerList", "src\Booma.Models.GameServerList\Booma.Models.GameServerList.csproj", "{86E014F6-CB6D-4467-B207-FBF306FA1AA8}"
EndProject
Project("{9A19103F-16F7-4668-BE54-9A1E7A4F7556}") = "Booma.Models.GameServerMediator.Common", "src\Booma.Models.GameServerMediator.Common\Booma.Models.GameServerMediator.Common.csproj", "{0A05E97A-5E68-49A8-BC58-F41221891140}"
EndProject
Project("{9A19103F-16F7-4668-BE54-9A1E7A4F7556}") = "Booma.Models.GameServerMediator.Server", "src\Booma.Models.GameServerMediator.Server\Booma.Models.GameServerMediator.Server.csproj", "{79AF08FA-B053-4466-B8EB-68EF474CA806}"
EndProject
Project("{9A19103F-16F7-4668-BE54-9A1E7A4F7556}") = "Booma.Models.NameQuery", "src\Booma.Models.NameQuery\Booma.Models.NameQuery.csproj", "{101178D4-C128-4676-827F-F899B1E79F0C}"
EndProject
Project("{2150E333-8FDC-42A3-9474-1A3956D46DE8}") = "Services", "Services", "{08C1B122-1C01-4DAD-866E-E7752C08A4B2}"
EndProject
Project("{9A19103F-16F7-4668-BE54-9A1E7A4F7556}") = "Booma.GameServerList.Service", "src\Booma.GameServerList.Service\Booma.GameServerList.Service.csproj", "{53F86933-9045-4D7A-B8BC-6A9BE4D7EB04}"
EndProject
Project("{9A19103F-16F7-4668-BE54-9A1E7A4F7556}") = "Booma.GameServerMediator.Service", "src\Booma.GameServerMediator.Service\Booma.GameServerMediator.Service.csproj", "{00B5F445-8AAB-4C58-A809-0F3A2041386F}"
EndProject
Project("{9A19103F-16F7-4668-BE54-9A1E7A4F7556}") = "Booma.Database.Common", "src\Booma.Database.Common\Booma.Database.Common.csproj", "{983C1BB7-C67D-4BEE-9C41-D71E185FB313}"
EndProject
Project("{9A19103F-16F7-4668-BE54-9A1E7A4F7556}") = "Booma.NameQuery.Database", "src\Booma.NameQuery.Database\Booma.NameQuery.Database.csproj", "{4422CD80-2320-494B-B493-9DE12B920F7E}"
EndProject
Global
	GlobalSection(SolutionConfigurationPlatforms) = preSolution
		Debug|Any CPU = Debug|Any CPU
		Release|Any CPU = Release|Any CPU
	EndGlobalSection
	GlobalSection(ProjectConfigurationPlatforms) = postSolution
		{B9838908-0A73-4A49-BDA7-D7088BDED89E}.Debug|Any CPU.ActiveCfg = Debug|Any CPU
		{B9838908-0A73-4A49-BDA7-D7088BDED89E}.Debug|Any CPU.Build.0 = Debug|Any CPU
		{B9838908-0A73-4A49-BDA7-D7088BDED89E}.Release|Any CPU.ActiveCfg = Release|Any CPU
		{B9838908-0A73-4A49-BDA7-D7088BDED89E}.Release|Any CPU.Build.0 = Release|Any CPU
		{11E0AEA4-66B0-44AB-A909-8D58E862DEE1}.Debug|Any CPU.ActiveCfg = Debug|Any CPU
		{11E0AEA4-66B0-44AB-A909-8D58E862DEE1}.Debug|Any CPU.Build.0 = Debug|Any CPU
		{11E0AEA4-66B0-44AB-A909-8D58E862DEE1}.Release|Any CPU.ActiveCfg = Release|Any CPU
		{11E0AEA4-66B0-44AB-A909-8D58E862DEE1}.Release|Any CPU.Build.0 = Release|Any CPU
		{853A6D54-67F9-4128-8A28-C4E91C87AC18}.Debug|Any CPU.ActiveCfg = Debug|Any CPU
		{853A6D54-67F9-4128-8A28-C4E91C87AC18}.Debug|Any CPU.Build.0 = Debug|Any CPU
		{853A6D54-67F9-4128-8A28-C4E91C87AC18}.Release|Any CPU.ActiveCfg = Release|Any CPU
		{853A6D54-67F9-4128-8A28-C4E91C87AC18}.Release|Any CPU.Build.0 = Release|Any CPU
		{7824B076-70C3-4E78-9F65-95948F7C9B6E}.Debug|Any CPU.ActiveCfg = Debug|Any CPU
		{7824B076-70C3-4E78-9F65-95948F7C9B6E}.Debug|Any CPU.Build.0 = Debug|Any CPU
		{7824B076-70C3-4E78-9F65-95948F7C9B6E}.Release|Any CPU.ActiveCfg = Release|Any CPU
		{7824B076-70C3-4E78-9F65-95948F7C9B6E}.Release|Any CPU.Build.0 = Release|Any CPU
		{06B2C6C2-32B7-46D0-BAFD-FFD6F0516CC8}.Debug|Any CPU.ActiveCfg = Debug|Any CPU
		{06B2C6C2-32B7-46D0-BAFD-FFD6F0516CC8}.Debug|Any CPU.Build.0 = Debug|Any CPU
		{06B2C6C2-32B7-46D0-BAFD-FFD6F0516CC8}.Release|Any CPU.ActiveCfg = Release|Any CPU
		{06B2C6C2-32B7-46D0-BAFD-FFD6F0516CC8}.Release|Any CPU.Build.0 = Release|Any CPU
		{B2776C82-E686-45A6-BD73-B5913F3E69D3}.Debug|Any CPU.ActiveCfg = Debug|Any CPU
		{B2776C82-E686-45A6-BD73-B5913F3E69D3}.Debug|Any CPU.Build.0 = Debug|Any CPU
		{B2776C82-E686-45A6-BD73-B5913F3E69D3}.Release|Any CPU.ActiveCfg = Release|Any CPU
		{B2776C82-E686-45A6-BD73-B5913F3E69D3}.Release|Any CPU.Build.0 = Release|Any CPU
		{04423310-B1DD-4883-8634-6B2B00534EDD}.Debug|Any CPU.ActiveCfg = Debug|Any CPU
		{04423310-B1DD-4883-8634-6B2B00534EDD}.Debug|Any CPU.Build.0 = Debug|Any CPU
		{04423310-B1DD-4883-8634-6B2B00534EDD}.Release|Any CPU.ActiveCfg = Release|Any CPU
		{04423310-B1DD-4883-8634-6B2B00534EDD}.Release|Any CPU.Build.0 = Release|Any CPU
		{1FEFEA38-2586-4CE1-8662-4C12FD3C6E62}.Debug|Any CPU.ActiveCfg = Debug|Any CPU
		{1FEFEA38-2586-4CE1-8662-4C12FD3C6E62}.Debug|Any CPU.Build.0 = Debug|Any CPU
		{1FEFEA38-2586-4CE1-8662-4C12FD3C6E62}.Release|Any CPU.ActiveCfg = Release|Any CPU
		{1FEFEA38-2586-4CE1-8662-4C12FD3C6E62}.Release|Any CPU.Build.0 = Release|Any CPU
		{12808BDA-5C6E-40AA-8A65-7345AAC5E67E}.Debug|Any CPU.ActiveCfg = Debug|Any CPU
		{12808BDA-5C6E-40AA-8A65-7345AAC5E67E}.Debug|Any CPU.Build.0 = Debug|Any CPU
		{12808BDA-5C6E-40AA-8A65-7345AAC5E67E}.Release|Any CPU.ActiveCfg = Release|Any CPU
		{12808BDA-5C6E-40AA-8A65-7345AAC5E67E}.Release|Any CPU.Build.0 = Release|Any CPU
		{09B6AAD4-37B6-4FC1-85FF-68A7230E41C8}.Debug|Any CPU.ActiveCfg = Debug|Any CPU
		{09B6AAD4-37B6-4FC1-85FF-68A7230E41C8}.Debug|Any CPU.Build.0 = Debug|Any CPU
		{09B6AAD4-37B6-4FC1-85FF-68A7230E41C8}.Release|Any CPU.ActiveCfg = Release|Any CPU
		{09B6AAD4-37B6-4FC1-85FF-68A7230E41C8}.Release|Any CPU.Build.0 = Release|Any CPU
		{60F48CAE-7EF8-44CB-B037-DCE68B761265}.Debug|Any CPU.ActiveCfg = Debug|Any CPU
		{60F48CAE-7EF8-44CB-B037-DCE68B761265}.Debug|Any CPU.Build.0 = Debug|Any CPU
		{60F48CAE-7EF8-44CB-B037-DCE68B761265}.Release|Any CPU.ActiveCfg = Release|Any CPU
		{60F48CAE-7EF8-44CB-B037-DCE68B761265}.Release|Any CPU.Build.0 = Release|Any CPU
		{F8CC3608-3CCE-4202-9398-6FCC37D77E7E}.Debug|Any CPU.ActiveCfg = Debug|Any CPU
		{F8CC3608-3CCE-4202-9398-6FCC37D77E7E}.Debug|Any CPU.Build.0 = Debug|Any CPU
		{F8CC3608-3CCE-4202-9398-6FCC37D77E7E}.Release|Any CPU.ActiveCfg = Release|Any CPU
		{F8CC3608-3CCE-4202-9398-6FCC37D77E7E}.Release|Any CPU.Build.0 = Release|Any CPU
		{E058C29B-70EE-4DCA-8065-CDF3DB355175}.Debug|Any CPU.ActiveCfg = Debug|Any CPU
		{E058C29B-70EE-4DCA-8065-CDF3DB355175}.Debug|Any CPU.Build.0 = Debug|Any CPU
		{E058C29B-70EE-4DCA-8065-CDF3DB355175}.Release|Any CPU.ActiveCfg = Release|Any CPU
		{E058C29B-70EE-4DCA-8065-CDF3DB355175}.Release|Any CPU.Build.0 = Release|Any CPU
		{5A959423-5523-4FF5-9667-963BF97F2879}.Debug|Any CPU.ActiveCfg = Debug|Any CPU
		{5A959423-5523-4FF5-9667-963BF97F2879}.Debug|Any CPU.Build.0 = Debug|Any CPU
		{5A959423-5523-4FF5-9667-963BF97F2879}.Release|Any CPU.ActiveCfg = Release|Any CPU
		{5A959423-5523-4FF5-9667-963BF97F2879}.Release|Any CPU.Build.0 = Release|Any CPU
		{538D0F6A-EBFF-42F3-B701-614FAA390E7B}.Debug|Any CPU.ActiveCfg = Debug|Any CPU
		{538D0F6A-EBFF-42F3-B701-614FAA390E7B}.Debug|Any CPU.Build.0 = Debug|Any CPU
		{538D0F6A-EBFF-42F3-B701-614FAA390E7B}.Release|Any CPU.ActiveCfg = Release|Any CPU
		{538D0F6A-EBFF-42F3-B701-614FAA390E7B}.Release|Any CPU.Build.0 = Release|Any CPU
		{33DE9187-B344-4E7B-9400-158B4098842E}.Debug|Any CPU.ActiveCfg = Debug|Any CPU
		{33DE9187-B344-4E7B-9400-158B4098842E}.Debug|Any CPU.Build.0 = Debug|Any CPU
		{33DE9187-B344-4E7B-9400-158B4098842E}.Release|Any CPU.ActiveCfg = Release|Any CPU
		{33DE9187-B344-4E7B-9400-158B4098842E}.Release|Any CPU.Build.0 = Release|Any CPU
		{75689A50-ABCF-46D4-9381-5708CF3D82CF}.Debug|Any CPU.ActiveCfg = Debug|Any CPU
		{75689A50-ABCF-46D4-9381-5708CF3D82CF}.Debug|Any CPU.Build.0 = Debug|Any CPU
		{75689A50-ABCF-46D4-9381-5708CF3D82CF}.Release|Any CPU.ActiveCfg = Release|Any CPU
		{75689A50-ABCF-46D4-9381-5708CF3D82CF}.Release|Any CPU.Build.0 = Release|Any CPU
		{CCB6C383-C54D-4601-925E-9E828D50D67C}.Debug|Any CPU.ActiveCfg = Debug|Any CPU
		{CCB6C383-C54D-4601-925E-9E828D50D67C}.Debug|Any CPU.Build.0 = Debug|Any CPU
		{CCB6C383-C54D-4601-925E-9E828D50D67C}.Release|Any CPU.ActiveCfg = Release|Any CPU
		{CCB6C383-C54D-4601-925E-9E828D50D67C}.Release|Any CPU.Build.0 = Release|Any CPU
		{2DB4082C-2A5D-41CC-8494-0E489D44AC49}.Debug|Any CPU.ActiveCfg = Debug|Any CPU
		{2DB4082C-2A5D-41CC-8494-0E489D44AC49}.Debug|Any CPU.Build.0 = Debug|Any CPU
		{2DB4082C-2A5D-41CC-8494-0E489D44AC49}.Release|Any CPU.ActiveCfg = Release|Any CPU
		{2DB4082C-2A5D-41CC-8494-0E489D44AC49}.Release|Any CPU.Build.0 = Release|Any CPU
		{F0D54151-C076-43EE-B45A-3C714C79A720}.Debug|Any CPU.ActiveCfg = Debug|Any CPU
		{F0D54151-C076-43EE-B45A-3C714C79A720}.Debug|Any CPU.Build.0 = Debug|Any CPU
		{F0D54151-C076-43EE-B45A-3C714C79A720}.Release|Any CPU.ActiveCfg = Release|Any CPU
		{F0D54151-C076-43EE-B45A-3C714C79A720}.Release|Any CPU.Build.0 = Release|Any CPU
		{680D46C2-6557-4269-BE18-C041FAE0BAEA}.Debug|Any CPU.ActiveCfg = Debug|Any CPU
		{680D46C2-6557-4269-BE18-C041FAE0BAEA}.Debug|Any CPU.Build.0 = Debug|Any CPU
		{680D46C2-6557-4269-BE18-C041FAE0BAEA}.Release|Any CPU.ActiveCfg = Release|Any CPU
		{680D46C2-6557-4269-BE18-C041FAE0BAEA}.Release|Any CPU.Build.0 = Release|Any CPU
		{D55C3F65-A9BF-4713-97AF-9F24628E41E1}.Debug|Any CPU.ActiveCfg = Debug|Any CPU
		{D55C3F65-A9BF-4713-97AF-9F24628E41E1}.Debug|Any CPU.Build.0 = Debug|Any CPU
		{D55C3F65-A9BF-4713-97AF-9F24628E41E1}.Release|Any CPU.ActiveCfg = Release|Any CPU
		{D55C3F65-A9BF-4713-97AF-9F24628E41E1}.Release|Any CPU.Build.0 = Release|Any CPU
		{6ADCB49A-4D8C-4705-92FE-48D900643670}.Debug|Any CPU.ActiveCfg = Debug|Any CPU
		{6ADCB49A-4D8C-4705-92FE-48D900643670}.Debug|Any CPU.Build.0 = Debug|Any CPU
		{6ADCB49A-4D8C-4705-92FE-48D900643670}.Release|Any CPU.ActiveCfg = Release|Any CPU
		{6ADCB49A-4D8C-4705-92FE-48D900643670}.Release|Any CPU.Build.0 = Release|Any CPU
		{86E014F6-CB6D-4467-B207-FBF306FA1AA8}.Debug|Any CPU.ActiveCfg = Debug|Any CPU
		{86E014F6-CB6D-4467-B207-FBF306FA1AA8}.Debug|Any CPU.Build.0 = Debug|Any CPU
		{86E014F6-CB6D-4467-B207-FBF306FA1AA8}.Release|Any CPU.ActiveCfg = Release|Any CPU
		{86E014F6-CB6D-4467-B207-FBF306FA1AA8}.Release|Any CPU.Build.0 = Release|Any CPU
		{0A05E97A-5E68-49A8-BC58-F41221891140}.Debug|Any CPU.ActiveCfg = Debug|Any CPU
		{0A05E97A-5E68-49A8-BC58-F41221891140}.Debug|Any CPU.Build.0 = Debug|Any CPU
		{0A05E97A-5E68-49A8-BC58-F41221891140}.Release|Any CPU.ActiveCfg = Release|Any CPU
		{0A05E97A-5E68-49A8-BC58-F41221891140}.Release|Any CPU.Build.0 = Release|Any CPU
		{79AF08FA-B053-4466-B8EB-68EF474CA806}.Debug|Any CPU.ActiveCfg = Debug|Any CPU
		{79AF08FA-B053-4466-B8EB-68EF474CA806}.Debug|Any CPU.Build.0 = Debug|Any CPU
		{79AF08FA-B053-4466-B8EB-68EF474CA806}.Release|Any CPU.ActiveCfg = Release|Any CPU
		{79AF08FA-B053-4466-B8EB-68EF474CA806}.Release|Any CPU.Build.0 = Release|Any CPU
		{101178D4-C128-4676-827F-F899B1E79F0C}.Debug|Any CPU.ActiveCfg = Debug|Any CPU
		{101178D4-C128-4676-827F-F899B1E79F0C}.Debug|Any CPU.Build.0 = Debug|Any CPU
		{101178D4-C128-4676-827F-F899B1E79F0C}.Release|Any CPU.ActiveCfg = Release|Any CPU
		{101178D4-C128-4676-827F-F899B1E79F0C}.Release|Any CPU.Build.0 = Release|Any CPU
		{53F86933-9045-4D7A-B8BC-6A9BE4D7EB04}.Debug|Any CPU.ActiveCfg = Debug|Any CPU
		{53F86933-9045-4D7A-B8BC-6A9BE4D7EB04}.Debug|Any CPU.Build.0 = Debug|Any CPU
		{53F86933-9045-4D7A-B8BC-6A9BE4D7EB04}.Release|Any CPU.ActiveCfg = Release|Any CPU
		{53F86933-9045-4D7A-B8BC-6A9BE4D7EB04}.Release|Any CPU.Build.0 = Release|Any CPU
		{00B5F445-8AAB-4C58-A809-0F3A2041386F}.Debug|Any CPU.ActiveCfg = Debug|Any CPU
		{00B5F445-8AAB-4C58-A809-0F3A2041386F}.Debug|Any CPU.Build.0 = Debug|Any CPU
		{00B5F445-8AAB-4C58-A809-0F3A2041386F}.Release|Any CPU.ActiveCfg = Release|Any CPU
		{00B5F445-8AAB-4C58-A809-0F3A2041386F}.Release|Any CPU.Build.0 = Release|Any CPU
		{983C1BB7-C67D-4BEE-9C41-D71E185FB313}.Debug|Any CPU.ActiveCfg = Debug|Any CPU
		{983C1BB7-C67D-4BEE-9C41-D71E185FB313}.Debug|Any CPU.Build.0 = Debug|Any CPU
		{983C1BB7-C67D-4BEE-9C41-D71E185FB313}.Release|Any CPU.ActiveCfg = Release|Any CPU
		{983C1BB7-C67D-4BEE-9C41-D71E185FB313}.Release|Any CPU.Build.0 = Release|Any CPU
		{4422CD80-2320-494B-B493-9DE12B920F7E}.Debug|Any CPU.ActiveCfg = Debug|Any CPU
		{4422CD80-2320-494B-B493-9DE12B920F7E}.Debug|Any CPU.Build.0 = Debug|Any CPU
		{4422CD80-2320-494B-B493-9DE12B920F7E}.Release|Any CPU.ActiveCfg = Release|Any CPU
		{4422CD80-2320-494B-B493-9DE12B920F7E}.Release|Any CPU.Build.0 = Release|Any CPU
	EndGlobalSection
	GlobalSection(SolutionProperties) = preSolution
		HideSolutionNode = FALSE
	EndGlobalSection
	GlobalSection(NestedProjects) = preSolution
		{B9838908-0A73-4A49-BDA7-D7088BDED89E} = {82223BC2-FD46-45B7-8714-A1BBB6FACC0E}
		{11E0AEA4-66B0-44AB-A909-8D58E862DEE1} = {93AFA0C0-42B1-4903-9C13-4DBE35BA2CD3}
		{853A6D54-67F9-4128-8A28-C4E91C87AC18} = {93AFA0C0-42B1-4903-9C13-4DBE35BA2CD3}
		{7824B076-70C3-4E78-9F65-95948F7C9B6E} = {93AFA0C0-42B1-4903-9C13-4DBE35BA2CD3}
		{06B2C6C2-32B7-46D0-BAFD-FFD6F0516CC8} = {82223BC2-FD46-45B7-8714-A1BBB6FACC0E}
		{93AFA0C0-42B1-4903-9C13-4DBE35BA2CD3} = {82223BC2-FD46-45B7-8714-A1BBB6FACC0E}
		{A1B00673-EBC3-418C-BD04-E1D90E26D2FD} = {82223BC2-FD46-45B7-8714-A1BBB6FACC0E}
		{B2776C82-E686-45A6-BD73-B5913F3E69D3} = {A1B00673-EBC3-418C-BD04-E1D90E26D2FD}
		{04423310-B1DD-4883-8634-6B2B00534EDD} = {A1B00673-EBC3-418C-BD04-E1D90E26D2FD}
		{1FEFEA38-2586-4CE1-8662-4C12FD3C6E62} = {A1B00673-EBC3-418C-BD04-E1D90E26D2FD}
		{93DCCAD6-48AC-4357-B860-94DF86797124} = {82223BC2-FD46-45B7-8714-A1BBB6FACC0E}
		{C04F6721-E028-4680-A4B2-B3A98B89BB1F} = {82223BC2-FD46-45B7-8714-A1BBB6FACC0E}
		{12808BDA-5C6E-40AA-8A65-7345AAC5E67E} = {FCFAE99C-C28A-44B7-A7BE-F9D5481C35B9}
		{09B6AAD4-37B6-4FC1-85FF-68A7230E41C8} = {FCFAE99C-C28A-44B7-A7BE-F9D5481C35B9}
		{60F48CAE-7EF8-44CB-B037-DCE68B761265} = {FCFAE99C-C28A-44B7-A7BE-F9D5481C35B9}
		{F8CC3608-3CCE-4202-9398-6FCC37D77E7E} = {FCFAE99C-C28A-44B7-A7BE-F9D5481C35B9}
		{E058C29B-70EE-4DCA-8065-CDF3DB355175} = {93DCCAD6-48AC-4357-B860-94DF86797124}
		{5A959423-5523-4FF5-9667-963BF97F2879} = {93DCCAD6-48AC-4357-B860-94DF86797124}
		{538D0F6A-EBFF-42F3-B701-614FAA390E7B} = {93DCCAD6-48AC-4357-B860-94DF86797124}
		{33DE9187-B344-4E7B-9400-158B4098842E} = {93AFA0C0-42B1-4903-9C13-4DBE35BA2CD3}
		{75689A50-ABCF-46D4-9381-5708CF3D82CF} = {93AFA0C0-42B1-4903-9C13-4DBE35BA2CD3}
		{45D47388-D98C-4A27-82BD-EBE9998EE11A} = {82223BC2-FD46-45B7-8714-A1BBB6FACC0E}
		{CCB6C383-C54D-4601-925E-9E828D50D67C} = {45D47388-D98C-4A27-82BD-EBE9998EE11A}
		{2DB4082C-2A5D-41CC-8494-0E489D44AC49} = {82223BC2-FD46-45B7-8714-A1BBB6FACC0E}
		{F0D54151-C076-43EE-B45A-3C714C79A720} = {C04F6721-E028-4680-A4B2-B3A98B89BB1F}
		{680D46C2-6557-4269-BE18-C041FAE0BAEA} = {C04F6721-E028-4680-A4B2-B3A98B89BB1F}
		{D55C3F65-A9BF-4713-97AF-9F24628E41E1} = {C04F6721-E028-4680-A4B2-B3A98B89BB1F}
		{6ADCB49A-4D8C-4705-92FE-48D900643670} = {A1B00673-EBC3-418C-BD04-E1D90E26D2FD}
		{86E014F6-CB6D-4467-B207-FBF306FA1AA8} = {A1B00673-EBC3-418C-BD04-E1D90E26D2FD}
		{0A05E97A-5E68-49A8-BC58-F41221891140} = {A1B00673-EBC3-418C-BD04-E1D90E26D2FD}
		{79AF08FA-B053-4466-B8EB-68EF474CA806} = {A1B00673-EBC3-418C-BD04-E1D90E26D2FD}
		{101178D4-C128-4676-827F-F899B1E79F0C} = {A1B00673-EBC3-418C-BD04-E1D90E26D2FD}
		{08C1B122-1C01-4DAD-866E-E7752C08A4B2} = {82223BC2-FD46-45B7-8714-A1BBB6FACC0E}
		{53F86933-9045-4D7A-B8BC-6A9BE4D7EB04} = {08C1B122-1C01-4DAD-866E-E7752C08A4B2}
		{00B5F445-8AAB-4C58-A809-0F3A2041386F} = {08C1B122-1C01-4DAD-866E-E7752C08A4B2}
		{983C1BB7-C67D-4BEE-9C41-D71E185FB313} = {08C1B122-1C01-4DAD-866E-E7752C08A4B2}
		{4422CD80-2320-494B-B493-9DE12B920F7E} = {08C1B122-1C01-4DAD-866E-E7752C08A4B2}
	EndGlobalSection
	GlobalSection(ExtensibilityGlobals) = postSolution
		SolutionGuid = {ECF14B91-951E-4C3F-BEC9-BC0901103C4E}
	EndGlobalSection
EndGlobal
