
Microsoft Visual Studio Solution File, Format Version 12.00
# Visual Studio 14
VisualStudioVersion = 14.0.25420.1
MinimumVisualStudioVersion = 10.0.40219.1
Project("{2150E333-8FDC-42A3-9474-1A3956D46DE8}") = "src", "src", "{7639BE6C-634A-47BD-B9DA-D0EC89D71694}"
EndProject
Project("{2150E333-8FDC-42A3-9474-1A3956D46DE8}") = "tests", "tests", "{09A92FBB-C49C-4FA9-967C-2363F464CBD5}"
EndProject
Project("{FAE04EC0-301F-11D3-BF4B-00C04F79EFBC}") = "Booma.Server.Network.Unity.Common", "src\Booma.Server.Network.Unity.Common\Booma.Server.Network.Unity.Common.csproj", "{1EE6A352-F429-4BBD-841F-D659DF23496C}"
EndProject
Global
	GlobalSection(SolutionConfigurationPlatforms) = preSolution
		Debug|Any CPU = Debug|Any CPU
		Release|Any CPU = Release|Any CPU
	EndGlobalSection
	GlobalSection(ProjectConfigurationPlatforms) = postSolution
		{1EE6A352-F429-4BBD-841F-D659DF23496C}.Debug|Any CPU.ActiveCfg = Debug|Any CPU
		{1EE6A352-F429-4BBD-841F-D659DF23496C}.Debug|Any CPU.Build.0 = Debug|Any CPU
		{1EE6A352-F429-4BBD-841F-D659DF23496C}.Release|Any CPU.ActiveCfg = Release|Any CPU
		{1EE6A352-F429-4BBD-841F-D659DF23496C}.Release|Any CPU.Build.0 = Release|Any CPU
	EndGlobalSection
	GlobalSection(SolutionProperties) = preSolution
		HideSolutionNode = FALSE
	EndGlobalSection
	GlobalSection(NestedProjects) = preSolution
		{1EE6A352-F429-4BBD-841F-D659DF23496C} = {7639BE6C-634A-47BD-B9DA-D0EC89D71694}
	EndGlobalSection
EndGlobal
