
Microsoft Visual Studio Solution File, Format Version 12.00
# Visual Studio 14
VisualStudioVersion = 14.0.25420.1
MinimumVisualStudioVersion = 10.0.40219.1
Project("{2150E333-8FDC-42A3-9474-1A3956D46DE8}") = "src", "src", "{82223BC2-FD46-45B7-8714-A1BBB6FACC0E}"
EndProject
Project("{2150E333-8FDC-42A3-9474-1A3956D46DE8}") = "tests", "tests", "{FCFAE99C-C28A-44B7-A7BE-F9D5481C35B9}"
EndProject
Project("{FAE04EC0-301F-11D3-BF4B-00C04F79EFBC}") = "Booma.Stats.Common", "src\Booma.Stats.Common\Booma.Stats.Common.csproj", "{B9838908-0A73-4A49-BDA7-D7088BDED89E}"
EndProject
Project("{FAE04EC0-301F-11D3-BF4B-00C04F79EFBC}") = "Booma.Stats.Common.Tests", "test\Booma.Stats.Common.Tests\Booma.Stats.Common.Tests.csproj", "{06866CBB-C34E-4C81-A869-E97533A663D3}"
EndProject
Global
	GlobalSection(SolutionConfigurationPlatforms) = preSolution
		Debug|Any CPU = Debug|Any CPU
		Release|Any CPU = Release|Any CPU
	EndGlobalSection
	GlobalSection(ProjectConfigurationPlatforms) = postSolution
		{B9838908-0A73-4A49-BDA7-D7088BDED89E}.Debug|Any CPU.ActiveCfg = Debug|Any CPU
		{B9838908-0A73-4A49-BDA7-D7088BDED89E}.Debug|Any CPU.Build.0 = Debug|Any CPU
		{B9838908-0A73-4A49-BDA7-D7088BDED89E}.Release|Any CPU.ActiveCfg = Release|Any CPU
		{B9838908-0A73-4A49-BDA7-D7088BDED89E}.Release|Any CPU.Build.0 = Release|Any CPU
		{06866CBB-C34E-4C81-A869-E97533A663D3}.Debug|Any CPU.ActiveCfg = Debug|Any CPU
		{06866CBB-C34E-4C81-A869-E97533A663D3}.Debug|Any CPU.Build.0 = Debug|Any CPU
		{06866CBB-C34E-4C81-A869-E97533A663D3}.Release|Any CPU.ActiveCfg = Release|Any CPU
		{06866CBB-C34E-4C81-A869-E97533A663D3}.Release|Any CPU.Build.0 = Release|Any CPU
	EndGlobalSection
	GlobalSection(SolutionProperties) = preSolution
		HideSolutionNode = FALSE
	EndGlobalSection
	GlobalSection(NestedProjects) = preSolution
		{B9838908-0A73-4A49-BDA7-D7088BDED89E} = {82223BC2-FD46-45B7-8714-A1BBB6FACC0E}
		{06866CBB-C34E-4C81-A869-E97533A663D3} = {FCFAE99C-C28A-44B7-A7BE-F9D5481C35B9}
	EndGlobalSection
EndGlobal
