
Microsoft Visual Studio Solution File, Format Version 12.00
# Visual Studio 14
VisualStudioVersion = 14.0.25029.0
MinimumVisualStudioVersion = 10.0.40219.1
Project("{FAE04EC0-301F-11D3-BF4B-00C04F79EFBC}") = "Booma.Client.Logging", "src\Booma.Client.Logging\Booma.Client.Logging.csproj", "{8D9242CC-F642-40FA-BAEF-C8C9C2131087}"
EndProject
Project("{2150E333-8FDC-42A3-9474-1A3956D46DE8}") = "src", "src", "{5C77A3AF-20D2-4ED3-B7B8-282EC40B0D55}"
EndProject
Project("{FAE04EC0-301F-11D3-BF4B-00C04F79EFBC}") = "Booma.Client.Common.IoCModules", "src\Booma.Client.Common.IoCModules\Booma.Client.Common.IoCModules.csproj", "{021A4C5C-1578-4D55-A1E5-271A1571B494}"
EndProject
Global
	GlobalSection(SolutionConfigurationPlatforms) = preSolution
		Debug|Any CPU = Debug|Any CPU
		Release|Any CPU = Release|Any CPU
	EndGlobalSection
	GlobalSection(ProjectConfigurationPlatforms) = postSolution
		{8D9242CC-F642-40FA-BAEF-C8C9C2131087}.Debug|Any CPU.ActiveCfg = Debug|Any CPU
		{8D9242CC-F642-40FA-BAEF-C8C9C2131087}.Debug|Any CPU.Build.0 = Debug|Any CPU
		{8D9242CC-F642-40FA-BAEF-C8C9C2131087}.Release|Any CPU.ActiveCfg = Release|Any CPU
		{8D9242CC-F642-40FA-BAEF-C8C9C2131087}.Release|Any CPU.Build.0 = Release|Any CPU
		{021A4C5C-1578-4D55-A1E5-271A1571B494}.Debug|Any CPU.ActiveCfg = Debug|Any CPU
		{021A4C5C-1578-4D55-A1E5-271A1571B494}.Debug|Any CPU.Build.0 = Debug|Any CPU
		{021A4C5C-1578-4D55-A1E5-271A1571B494}.Release|Any CPU.ActiveCfg = Release|Any CPU
		{021A4C5C-1578-4D55-A1E5-271A1571B494}.Release|Any CPU.Build.0 = Release|Any CPU
	EndGlobalSection
	GlobalSection(SolutionProperties) = preSolution
		HideSolutionNode = FALSE
	EndGlobalSection
	GlobalSection(NestedProjects) = preSolution
		{8D9242CC-F642-40FA-BAEF-C8C9C2131087} = {5C77A3AF-20D2-4ED3-B7B8-282EC40B0D55}
		{021A4C5C-1578-4D55-A1E5-271A1571B494} = {5C77A3AF-20D2-4ED3-B7B8-282EC40B0D55}
	EndGlobalSection
EndGlobal
